// !$*UTF8*$!
{
	archiveVersion = 1;
	classes = {
	};
	objectVersion = 56;
	objects = {

/* Begin PBXBuildFile section */
		6A223E3A2C4F4B6C00AE37A6 /* AppDelegate.swift in Sources */ = {isa = PBXBuildFile; fileRef = 6A223E392C4F4B6C00AE37A6 /* AppDelegate.swift */; };
		6A223E432C4F4B6D00AE37A6 /* Assets.xcassets in Resources */ = {isa = PBXBuildFile; fileRef = 6A223E422C4F4B6D00AE37A6 /* Assets.xcassets */; };
		6A223E462C4F4B6D00AE37A6 /* Base in Resources */ = {isa = PBXBuildFile; fileRef = 6A223E452C4F4B6D00AE37A6 /* Base */; };
		6A223E512C4F4B6D00AE37A6 /* EmployeeAppTests.swift in Sources */ = {isa = PBXBuildFile; fileRef = 6A223E502C4F4B6D00AE37A6 /* EmployeeAppTests.swift */; };
		6A223E5B2C4F4B6D00AE37A6 /* EmployeeAppUITests.swift in Sources */ = {isa = PBXBuildFile; fileRef = 6A223E5A2C4F4B6D00AE37A6 /* EmployeeAppUITests.swift */; };
		6A223E5D2C4F4B6D00AE37A6 /* EmployeeAppUITestsLaunchTests.swift in Sources */ = {isa = PBXBuildFile; fileRef = 6A223E5C2C4F4B6D00AE37A6 /* EmployeeAppUITestsLaunchTests.swift */; };
		6A223E722C4F4D9A00AE37A6 /* Login.storyboard in Resources */ = {isa = PBXBuildFile; fileRef = 6A223E712C4F4D9A00AE37A6 /* Login.storyboard */; };
		6A223E742C4F4DAB00AE37A6 /* LoginController.swift in Sources */ = {isa = PBXBuildFile; fileRef = 6A223E732C4F4DAB00AE37A6 /* LoginController.swift */; };
		6A223E762C4F4DB400AE37A6 /* LoginViewModel.swift in Sources */ = {isa = PBXBuildFile; fileRef = 6A223E752C4F4DB400AE37A6 /* LoginViewModel.swift */; };
		6A223E782C4F4DBD00AE37A6 /* LoginViewModelProtocol.swift in Sources */ = {isa = PBXBuildFile; fileRef = 6A223E772C4F4DBD00AE37A6 /* LoginViewModelProtocol.swift */; };
		6A223E7D2C4F565600AE37A6 /* R.generated.swift in Sources */ = {isa = PBXBuildFile; fileRef = 6A223E7C2C4F565600AE37A6 /* R.generated.swift */; };
		6A223E832C4F5D7300AE37A6 /* Localizable.strings in Resources */ = {isa = PBXBuildFile; fileRef = 6A223E812C4F5D7300AE37A6 /* Localizable.strings */; };
		6A223E862C4F5D8200AE37A6 /* Localizable.stringsdict in Resources */ = {isa = PBXBuildFile; fileRef = 6A223E842C4F5D8200AE37A6 /* Localizable.stringsdict */; };
		6A223E8C2C4F6E8700AE37A6 /* Closures.swift in Sources */ = {isa = PBXBuildFile; fileRef = 6A223E8B2C4F6E8700AE37A6 /* Closures.swift */; };
		6A223E8E2C4F6F6700AE37A6 /* ViewController.swift in Sources */ = {isa = PBXBuildFile; fileRef = 6A223E8D2C4F6F6700AE37A6 /* ViewController.swift */; };
		6A223E912C4F72FE00AE37A6 /* AppConfig.swift in Sources */ = {isa = PBXBuildFile; fileRef = 6A223E902C4F72FE00AE37A6 /* AppConfig.swift */; };
		6A223E932C4F734100AE37A6 /* AppSecrets.swift in Sources */ = {isa = PBXBuildFile; fileRef = 6A223E922C4F734000AE37A6 /* AppSecrets.swift */; };
		6A223E952C4F74F600AE37A6 /* App.swift in Sources */ = {isa = PBXBuildFile; fileRef = 6A223E942C4F74F600AE37A6 /* App.swift */; };
		6A223E972C4F767600AE37A6 /* SignUp.storyboard in Resources */ = {isa = PBXBuildFile; fileRef = 6A223E962C4F767600AE37A6 /* SignUp.storyboard */; };
		6A223E992C4F769900AE37A6 /* SignupController.swift in Sources */ = {isa = PBXBuildFile; fileRef = 6A223E982C4F769900AE37A6 /* SignupController.swift */; };
		6A223E9B2C4F76A200AE37A6 /* SignupViewModel.swift in Sources */ = {isa = PBXBuildFile; fileRef = 6A223E9A2C4F76A200AE37A6 /* SignupViewModel.swift */; };
		6A223E9D2C4F76AB00AE37A6 /* SignupViewModelProtocol.swift in Sources */ = {isa = PBXBuildFile; fileRef = 6A223E9C2C4F76AB00AE37A6 /* SignupViewModelProtocol.swift */; };
		6A223EA52C4F7A2F00AE37A6 /* Posts.storyboard in Resources */ = {isa = PBXBuildFile; fileRef = 6A223EA42C4F7A2F00AE37A6 /* Posts.storyboard */; };
		6A223EA72C4F7A3E00AE37A6 /* PostsController.swift in Sources */ = {isa = PBXBuildFile; fileRef = 6A223EA62C4F7A3E00AE37A6 /* PostsController.swift */; };
		6A223EB02C4F7BA200AE37A6 /* PostTableCell.swift in Sources */ = {isa = PBXBuildFile; fileRef = 6A223EAE2C4F7BA200AE37A6 /* PostTableCell.swift */; };
		6A223EB12C4F7BA200AE37A6 /* PostTableCell.xib in Resources */ = {isa = PBXBuildFile; fileRef = 6A223EAF2C4F7BA200AE37A6 /* PostTableCell.xib */; };
		6A223EB32C4F7BAD00AE37A6 /* PostTableCellViewModel.swift in Sources */ = {isa = PBXBuildFile; fileRef = 6A223EB22C4F7BAD00AE37A6 /* PostTableCellViewModel.swift */; };
		6A223EB52C4F7BB500AE37A6 /* PostTableCellViewModelProtocol.swift in Sources */ = {isa = PBXBuildFile; fileRef = 6A223EB42C4F7BB500AE37A6 /* PostTableCellViewModelProtocol.swift */; };
		6A223EB92C4F806900AE37A6 /* PostsViewModel.swift in Sources */ = {isa = PBXBuildFile; fileRef = 6A223EB82C4F806900AE37A6 /* PostsViewModel.swift */; };
		6A223EBB2C4F807000AE37A6 /* PostsViewModelProtocol.swift in Sources */ = {isa = PBXBuildFile; fileRef = 6A223EBA2C4F807000AE37A6 /* PostsViewModelProtocol.swift */; };
		6A223EBD2C4F814B00AE37A6 /* AddOrEditPost.storyboard in Resources */ = {isa = PBXBuildFile; fileRef = 6A223EBC2C4F814B00AE37A6 /* AddOrEditPost.storyboard */; };
		6A223EBF2C4F815A00AE37A6 /* PostDetailsController.swift in Sources */ = {isa = PBXBuildFile; fileRef = 6A223EBE2C4F815A00AE37A6 /* PostDetailsController.swift */; };
		6A223EC12C4F829300AE37A6 /* PostDetails.storyboard in Resources */ = {isa = PBXBuildFile; fileRef = 6A223EC02C4F829300AE37A6 /* PostDetails.storyboard */; };
		6A223EC32C4F850B00AE37A6 /* AddOrEditPostController.swift in Sources */ = {isa = PBXBuildFile; fileRef = 6A223EC22C4F850B00AE37A6 /* AddOrEditPostController.swift */; };
		6A223EC52C4F851900AE37A6 /* PostDetailsViewModel.swift in Sources */ = {isa = PBXBuildFile; fileRef = 6A223EC42C4F851900AE37A6 /* PostDetailsViewModel.swift */; };
		6A223EC72C4F852100AE37A6 /* PostDetailsViewModelProtocol.swift in Sources */ = {isa = PBXBuildFile; fileRef = 6A223EC62C4F852100AE37A6 /* PostDetailsViewModelProtocol.swift */; };
		6A223EC92C4F852E00AE37A6 /* AddOrEditPostViewModel.swift in Sources */ = {isa = PBXBuildFile; fileRef = 6A223EC82C4F852E00AE37A6 /* AddOrEditPostViewModel.swift */; };
		6A223ECB2C4F853600AE37A6 /* AddOrEditPostViewModelProtocol.swift in Sources */ = {isa = PBXBuildFile; fileRef = 6A223ECA2C4F853600AE37A6 /* AddOrEditPostViewModelProtocol.swift */; };
		6A223ECE2C4F878600AE37A6 /* UserModel.swift in Sources */ = {isa = PBXBuildFile; fileRef = 6A223ECD2C4F878600AE37A6 /* UserModel.swift */; };
		6A223ED12C4F882600AE37A6 /* UserParams.swift in Sources */ = {isa = PBXBuildFile; fileRef = 6A223ED02C4F882600AE37A6 /* UserParams.swift */; };
		6A223EE12C4F8FEF00AE37A6 /* UserAPI.swift in Sources */ = {isa = PBXBuildFile; fileRef = 6A223EE02C4F8FEF00AE37A6 /* UserAPI.swift */; };
		6A223EE92C4F94F600AE37A6 /* UserAPIProtocol.swift in Sources */ = {isa = PBXBuildFile; fileRef = 6A223EE82C4F94F600AE37A6 /* UserAPIProtocol.swift */; };
		6A223EED2C4F967500AE37A6 /* APIClientProtocol.swift in Sources */ = {isa = PBXBuildFile; fileRef = 6A223EEC2C4F967500AE37A6 /* APIClientProtocol.swift */; };
		6A223EEF2C4FB7F900AE37A6 /* Constants.swift in Sources */ = {isa = PBXBuildFile; fileRef = 6A223EEE2C4FB7F900AE37A6 /* Constants.swift */; };
		6A223EF42C4FBCE800AE37A6 /* PostsAPI.swift in Sources */ = {isa = PBXBuildFile; fileRef = 6A223EF32C4FBCE800AE37A6 /* PostsAPI.swift */; };
		6A223EF62C4FBCF000AE37A6 /* PostsAPIProtocol.swift in Sources */ = {isa = PBXBuildFile; fileRef = 6A223EF52C4FBCF000AE37A6 /* PostsAPIProtocol.swift */; };
		6A223EF92C4FBEEF00AE37A6 /* PostParams.swift in Sources */ = {isa = PBXBuildFile; fileRef = 6A223EF82C4FBEEF00AE37A6 /* PostParams.swift */; };
		6A223EFC2C4FD86E00AE37A6 /* PostModel.swift in Sources */ = {isa = PBXBuildFile; fileRef = 6A223EFB2C4FD86D00AE37A6 /* PostModel.swift */; };
		6AB372FF2C53AB6200BF51EE /* GoogleService-Info.plist in Resources */ = {isa = PBXBuildFile; fileRef = 6AB372FE2C53AB6200BF51EE /* GoogleService-Info.plist */; };
		6ACC61EA2C53BF54003A2CC8 /* APIClient.swift in Sources */ = {isa = PBXBuildFile; fileRef = 6ACC61E92C53BF54003A2CC8 /* APIClient.swift */; };
		6ACC61ED2C53BFC2003A2CC8 /* AuthServiceProtocol.swift in Sources */ = {isa = PBXBuildFile; fileRef = 6ACC61EC2C53BFC2003A2CC8 /* AuthServiceProtocol.swift */; };
		6ACC61EF2C53BFC8003A2CC8 /* AuthService.swift in Sources */ = {isa = PBXBuildFile; fileRef = 6ACC61EE2C53BFC8003A2CC8 /* AuthService.swift */; };
		6DA7789DF0E0726612910932 /* Pods_EmployeeAppTests.framework in Frameworks */ = {isa = PBXBuildFile; fileRef = 45FF372EC3E6FAED4F9DA1D2 /* Pods_EmployeeAppTests.framework */; };
		C402353EBD3ACDBDCDE5C549 /* Pods_EmployeeApp.framework in Frameworks */ = {isa = PBXBuildFile; fileRef = 85C90B58CBF701F985CB1846 /* Pods_EmployeeApp.framework */; };
		E71E7D1CFF36A4BE03F42187 /* Pods_EmployeeApp_EmployeeAppUITests.framework in Frameworks */ = {isa = PBXBuildFile; fileRef = BE35E24FC283F37CAA4DAF32 /* Pods_EmployeeApp_EmployeeAppUITests.framework */; };
/* End PBXBuildFile section */

/* Begin PBXContainerItemProxy section */
		6A223E4D2C4F4B6D00AE37A6 /* PBXContainerItemProxy */ = {
			isa = PBXContainerItemProxy;
			containerPortal = 6A223E2E2C4F4B6C00AE37A6 /* Project object */;
			proxyType = 1;
			remoteGlobalIDString = 6A223E352C4F4B6C00AE37A6;
			remoteInfo = ChristianBringino1902Exam;
		};
		6A223E572C4F4B6D00AE37A6 /* PBXContainerItemProxy */ = {
			isa = PBXContainerItemProxy;
			containerPortal = 6A223E2E2C4F4B6C00AE37A6 /* Project object */;
			proxyType = 1;
			remoteGlobalIDString = 6A223E352C4F4B6C00AE37A6;
			remoteInfo = ChristianBringino1902Exam;
		};
/* End PBXContainerItemProxy section */

/* Begin PBXFileReference section */
		016140B73E5B937B369E43A7 /* Pods-ChristianBringino1902Exam-ChristianBringino1902ExamUITests.release.xcconfig */ = {isa = PBXFileReference; includeInIndex = 1; lastKnownFileType = text.xcconfig; name = "Pods-ChristianBringino1902Exam-ChristianBringino1902ExamUITests.release.xcconfig"; path = "Target Support Files/Pods-ChristianBringino1902Exam-ChristianBringino1902ExamUITests/Pods-ChristianBringino1902Exam-ChristianBringino1902ExamUITests.release.xcconfig"; sourceTree = "<group>"; };
		37141BCC4351D8476764EFD9 /* Pods-EmployeeAppTests.release.xcconfig */ = {isa = PBXFileReference; includeInIndex = 1; lastKnownFileType = text.xcconfig; name = "Pods-EmployeeAppTests.release.xcconfig"; path = "Target Support Files/Pods-EmployeeAppTests/Pods-EmployeeAppTests.release.xcconfig"; sourceTree = "<group>"; };
		3DCE93267EADE9AFB399500F /* Pods-ChristianBringino1902Exam.release.xcconfig */ = {isa = PBXFileReference; includeInIndex = 1; lastKnownFileType = text.xcconfig; name = "Pods-ChristianBringino1902Exam.release.xcconfig"; path = "Target Support Files/Pods-ChristianBringino1902Exam/Pods-ChristianBringino1902Exam.release.xcconfig"; sourceTree = "<group>"; };
		45FF372EC3E6FAED4F9DA1D2 /* Pods_EmployeeAppTests.framework */ = {isa = PBXFileReference; explicitFileType = wrapper.framework; includeInIndex = 0; path = Pods_EmployeeAppTests.framework; sourceTree = BUILT_PRODUCTS_DIR; };
		5FBB2652B09CDE7049E7E80A /* Pods-ChristianBringino1902Exam.debug.xcconfig */ = {isa = PBXFileReference; includeInIndex = 1; lastKnownFileType = text.xcconfig; name = "Pods-ChristianBringino1902Exam.debug.xcconfig"; path = "Target Support Files/Pods-ChristianBringino1902Exam/Pods-ChristianBringino1902Exam.debug.xcconfig"; sourceTree = "<group>"; };
		674AC655D62D6B3FE43DCF52 /* Pods-EmployeeApp.debug.xcconfig */ = {isa = PBXFileReference; includeInIndex = 1; lastKnownFileType = text.xcconfig; name = "Pods-EmployeeApp.debug.xcconfig"; path = "Target Support Files/Pods-EmployeeApp/Pods-EmployeeApp.debug.xcconfig"; sourceTree = "<group>"; };
		6A223E362C4F4B6C00AE37A6 /* EmployeeApp.app */ = {isa = PBXFileReference; explicitFileType = wrapper.application; includeInIndex = 0; path = EmployeeApp.app; sourceTree = BUILT_PRODUCTS_DIR; };
		6A223E392C4F4B6C00AE37A6 /* AppDelegate.swift */ = {isa = PBXFileReference; lastKnownFileType = sourcecode.swift; path = AppDelegate.swift; sourceTree = "<group>"; };
		6A223E422C4F4B6D00AE37A6 /* Assets.xcassets */ = {isa = PBXFileReference; lastKnownFileType = folder.assetcatalog; path = Assets.xcassets; sourceTree = "<group>"; };
		6A223E452C4F4B6D00AE37A6 /* Base */ = {isa = PBXFileReference; lastKnownFileType = file.storyboard; name = Base; path = Base.lproj/LaunchScreen.storyboard; sourceTree = "<group>"; };
		6A223E472C4F4B6D00AE37A6 /* Info.plist */ = {isa = PBXFileReference; lastKnownFileType = text.plist.xml; path = Info.plist; sourceTree = "<group>"; };
		6A223E4C2C4F4B6D00AE37A6 /* EmployeeAppTests.xctest */ = {isa = PBXFileReference; explicitFileType = wrapper.cfbundle; includeInIndex = 0; path = EmployeeAppTests.xctest; sourceTree = BUILT_PRODUCTS_DIR; };
		6A223E502C4F4B6D00AE37A6 /* EmployeeAppTests.swift */ = {isa = PBXFileReference; lastKnownFileType = sourcecode.swift; path = EmployeeAppTests.swift; sourceTree = "<group>"; };
		6A223E562C4F4B6D00AE37A6 /* EmployeeAppUITests.xctest */ = {isa = PBXFileReference; explicitFileType = wrapper.cfbundle; includeInIndex = 0; path = EmployeeAppUITests.xctest; sourceTree = BUILT_PRODUCTS_DIR; };
		6A223E5A2C4F4B6D00AE37A6 /* EmployeeAppUITests.swift */ = {isa = PBXFileReference; lastKnownFileType = sourcecode.swift; path = EmployeeAppUITests.swift; sourceTree = "<group>"; };
		6A223E5C2C4F4B6D00AE37A6 /* EmployeeAppUITestsLaunchTests.swift */ = {isa = PBXFileReference; lastKnownFileType = sourcecode.swift; path = EmployeeAppUITestsLaunchTests.swift; sourceTree = "<group>"; };
		6A223E712C4F4D9A00AE37A6 /* Login.storyboard */ = {isa = PBXFileReference; lastKnownFileType = file.storyboard; path = Login.storyboard; sourceTree = "<group>"; };
		6A223E732C4F4DAB00AE37A6 /* LoginController.swift */ = {isa = PBXFileReference; lastKnownFileType = sourcecode.swift; path = LoginController.swift; sourceTree = "<group>"; };
		6A223E752C4F4DB400AE37A6 /* LoginViewModel.swift */ = {isa = PBXFileReference; lastKnownFileType = sourcecode.swift; path = LoginViewModel.swift; sourceTree = "<group>"; };
		6A223E772C4F4DBD00AE37A6 /* LoginViewModelProtocol.swift */ = {isa = PBXFileReference; lastKnownFileType = sourcecode.swift; path = LoginViewModelProtocol.swift; sourceTree = "<group>"; };
		6A223E7C2C4F565600AE37A6 /* R.generated.swift */ = {isa = PBXFileReference; fileEncoding = 4; lastKnownFileType = sourcecode.swift; path = R.generated.swift; sourceTree = "<group>"; };
		6A223E822C4F5D7300AE37A6 /* en */ = {isa = PBXFileReference; lastKnownFileType = text.plist.strings; name = en; path = en.lproj/Localizable.strings; sourceTree = "<group>"; };
		6A223E852C4F5D8200AE37A6 /* en */ = {isa = PBXFileReference; lastKnownFileType = text.plist.stringsdict; name = en; path = en.lproj/Localizable.stringsdict; sourceTree = "<group>"; };
		6A223E8B2C4F6E8700AE37A6 /* Closures.swift */ = {isa = PBXFileReference; lastKnownFileType = sourcecode.swift; path = Closures.swift; sourceTree = "<group>"; };
		6A223E8D2C4F6F6700AE37A6 /* ViewController.swift */ = {isa = PBXFileReference; lastKnownFileType = sourcecode.swift; path = ViewController.swift; sourceTree = "<group>"; };
		6A223E902C4F72FE00AE37A6 /* AppConfig.swift */ = {isa = PBXFileReference; lastKnownFileType = sourcecode.swift; path = AppConfig.swift; sourceTree = "<group>"; };
		6A223E922C4F734000AE37A6 /* AppSecrets.swift */ = {isa = PBXFileReference; lastKnownFileType = sourcecode.swift; path = AppSecrets.swift; sourceTree = "<group>"; };
		6A223E942C4F74F600AE37A6 /* App.swift */ = {isa = PBXFileReference; lastKnownFileType = sourcecode.swift; path = App.swift; sourceTree = "<group>"; };
		6A223E962C4F767600AE37A6 /* SignUp.storyboard */ = {isa = PBXFileReference; lastKnownFileType = file.storyboard; path = SignUp.storyboard; sourceTree = "<group>"; };
		6A223E982C4F769900AE37A6 /* SignupController.swift */ = {isa = PBXFileReference; lastKnownFileType = sourcecode.swift; path = SignupController.swift; sourceTree = "<group>"; };
		6A223E9A2C4F76A200AE37A6 /* SignupViewModel.swift */ = {isa = PBXFileReference; lastKnownFileType = sourcecode.swift; path = SignupViewModel.swift; sourceTree = "<group>"; };
		6A223E9C2C4F76AB00AE37A6 /* SignupViewModelProtocol.swift */ = {isa = PBXFileReference; lastKnownFileType = sourcecode.swift; path = SignupViewModelProtocol.swift; sourceTree = "<group>"; };
		6A223EA42C4F7A2F00AE37A6 /* Posts.storyboard */ = {isa = PBXFileReference; lastKnownFileType = file.storyboard; path = Posts.storyboard; sourceTree = "<group>"; };
		6A223EA62C4F7A3E00AE37A6 /* PostsController.swift */ = {isa = PBXFileReference; lastKnownFileType = sourcecode.swift; path = PostsController.swift; sourceTree = "<group>"; };
		6A223EAE2C4F7BA200AE37A6 /* PostTableCell.swift */ = {isa = PBXFileReference; lastKnownFileType = sourcecode.swift; path = PostTableCell.swift; sourceTree = "<group>"; };
		6A223EAF2C4F7BA200AE37A6 /* PostTableCell.xib */ = {isa = PBXFileReference; lastKnownFileType = file.xib; path = PostTableCell.xib; sourceTree = "<group>"; };
		6A223EB22C4F7BAD00AE37A6 /* PostTableCellViewModel.swift */ = {isa = PBXFileReference; lastKnownFileType = sourcecode.swift; path = PostTableCellViewModel.swift; sourceTree = "<group>"; };
		6A223EB42C4F7BB500AE37A6 /* PostTableCellViewModelProtocol.swift */ = {isa = PBXFileReference; lastKnownFileType = sourcecode.swift; path = PostTableCellViewModelProtocol.swift; sourceTree = "<group>"; };
		6A223EB82C4F806900AE37A6 /* PostsViewModel.swift */ = {isa = PBXFileReference; lastKnownFileType = sourcecode.swift; path = PostsViewModel.swift; sourceTree = "<group>"; };
		6A223EBA2C4F807000AE37A6 /* PostsViewModelProtocol.swift */ = {isa = PBXFileReference; lastKnownFileType = sourcecode.swift; path = PostsViewModelProtocol.swift; sourceTree = "<group>"; };
		6A223EBC2C4F814B00AE37A6 /* AddOrEditPost.storyboard */ = {isa = PBXFileReference; lastKnownFileType = file.storyboard; path = AddOrEditPost.storyboard; sourceTree = "<group>"; };
		6A223EBE2C4F815A00AE37A6 /* PostDetailsController.swift */ = {isa = PBXFileReference; lastKnownFileType = sourcecode.swift; path = PostDetailsController.swift; sourceTree = "<group>"; };
		6A223EC02C4F829300AE37A6 /* PostDetails.storyboard */ = {isa = PBXFileReference; lastKnownFileType = file.storyboard; path = PostDetails.storyboard; sourceTree = "<group>"; };
		6A223EC22C4F850B00AE37A6 /* AddOrEditPostController.swift */ = {isa = PBXFileReference; lastKnownFileType = sourcecode.swift; path = AddOrEditPostController.swift; sourceTree = "<group>"; };
		6A223EC42C4F851900AE37A6 /* PostDetailsViewModel.swift */ = {isa = PBXFileReference; lastKnownFileType = sourcecode.swift; path = PostDetailsViewModel.swift; sourceTree = "<group>"; };
		6A223EC62C4F852100AE37A6 /* PostDetailsViewModelProtocol.swift */ = {isa = PBXFileReference; lastKnownFileType = sourcecode.swift; path = PostDetailsViewModelProtocol.swift; sourceTree = "<group>"; };
		6A223EC82C4F852E00AE37A6 /* AddOrEditPostViewModel.swift */ = {isa = PBXFileReference; lastKnownFileType = sourcecode.swift; path = AddOrEditPostViewModel.swift; sourceTree = "<group>"; };
		6A223ECA2C4F853600AE37A6 /* AddOrEditPostViewModelProtocol.swift */ = {isa = PBXFileReference; lastKnownFileType = sourcecode.swift; path = AddOrEditPostViewModelProtocol.swift; sourceTree = "<group>"; };
		6A223ECD2C4F878600AE37A6 /* UserModel.swift */ = {isa = PBXFileReference; lastKnownFileType = sourcecode.swift; path = UserModel.swift; sourceTree = "<group>"; };
		6A223ED02C4F882600AE37A6 /* UserParams.swift */ = {isa = PBXFileReference; lastKnownFileType = sourcecode.swift; path = UserParams.swift; sourceTree = "<group>"; };
		6A223EE02C4F8FEF00AE37A6 /* UserAPI.swift */ = {isa = PBXFileReference; lastKnownFileType = sourcecode.swift; path = UserAPI.swift; sourceTree = "<group>"; };
		6A223EE82C4F94F600AE37A6 /* UserAPIProtocol.swift */ = {isa = PBXFileReference; lastKnownFileType = sourcecode.swift; path = UserAPIProtocol.swift; sourceTree = "<group>"; };
		6A223EEC2C4F967500AE37A6 /* APIClientProtocol.swift */ = {isa = PBXFileReference; lastKnownFileType = sourcecode.swift; path = APIClientProtocol.swift; sourceTree = "<group>"; };
		6A223EEE2C4FB7F900AE37A6 /* Constants.swift */ = {isa = PBXFileReference; lastKnownFileType = sourcecode.swift; path = Constants.swift; sourceTree = "<group>"; };
		6A223EF32C4FBCE800AE37A6 /* PostsAPI.swift */ = {isa = PBXFileReference; lastKnownFileType = sourcecode.swift; path = PostsAPI.swift; sourceTree = "<group>"; };
		6A223EF52C4FBCF000AE37A6 /* PostsAPIProtocol.swift */ = {isa = PBXFileReference; lastKnownFileType = sourcecode.swift; path = PostsAPIProtocol.swift; sourceTree = "<group>"; };
		6A223EF82C4FBEEF00AE37A6 /* PostParams.swift */ = {isa = PBXFileReference; lastKnownFileType = sourcecode.swift; path = PostParams.swift; sourceTree = "<group>"; };
		6A223EFB2C4FD86D00AE37A6 /* PostModel.swift */ = {isa = PBXFileReference; lastKnownFileType = sourcecode.swift; path = PostModel.swift; sourceTree = "<group>"; };
		6AB372FE2C53AB6200BF51EE /* GoogleService-Info.plist */ = {isa = PBXFileReference; fileEncoding = 4; lastKnownFileType = text.plist.xml; path = "GoogleService-Info.plist"; sourceTree = "<group>"; };
		6ACC61E92C53BF54003A2CC8 /* APIClient.swift */ = {isa = PBXFileReference; lastKnownFileType = sourcecode.swift; path = APIClient.swift; sourceTree = "<group>"; };
		6ACC61EC2C53BFC2003A2CC8 /* AuthServiceProtocol.swift */ = {isa = PBXFileReference; lastKnownFileType = sourcecode.swift; path = AuthServiceProtocol.swift; sourceTree = "<group>"; };
		6ACC61EE2C53BFC8003A2CC8 /* AuthService.swift */ = {isa = PBXFileReference; lastKnownFileType = sourcecode.swift; path = AuthService.swift; sourceTree = "<group>"; };
		71C6657490FA0EB8819905F4 /* Pods-ChristianBringino1902ExamTests.debug.xcconfig */ = {isa = PBXFileReference; includeInIndex = 1; lastKnownFileType = text.xcconfig; name = "Pods-ChristianBringino1902ExamTests.debug.xcconfig"; path = "Target Support Files/Pods-ChristianBringino1902ExamTests/Pods-ChristianBringino1902ExamTests.debug.xcconfig"; sourceTree = "<group>"; };
		74635ABF9417B6FE155A2DD8 /* Pods-EmployeeAppTests.debug.xcconfig */ = {isa = PBXFileReference; includeInIndex = 1; lastKnownFileType = text.xcconfig; name = "Pods-EmployeeAppTests.debug.xcconfig"; path = "Target Support Files/Pods-EmployeeAppTests/Pods-EmployeeAppTests.debug.xcconfig"; sourceTree = "<group>"; };
		80BDD76A4D2380FB369197E0 /* Pods-ChristianBringino1902ExamTests.release.xcconfig */ = {isa = PBXFileReference; includeInIndex = 1; lastKnownFileType = text.xcconfig; name = "Pods-ChristianBringino1902ExamTests.release.xcconfig"; path = "Target Support Files/Pods-ChristianBringino1902ExamTests/Pods-ChristianBringino1902ExamTests.release.xcconfig"; sourceTree = "<group>"; };
		85C90B58CBF701F985CB1846 /* Pods_EmployeeApp.framework */ = {isa = PBXFileReference; explicitFileType = wrapper.framework; includeInIndex = 0; path = Pods_EmployeeApp.framework; sourceTree = BUILT_PRODUCTS_DIR; };
		8F782D74C786DC4777564ED9 /* Pods-EmployeeApp-EmployeeAppUITests.debug.xcconfig */ = {isa = PBXFileReference; includeInIndex = 1; lastKnownFileType = text.xcconfig; name = "Pods-EmployeeApp-EmployeeAppUITests.debug.xcconfig"; path = "Target Support Files/Pods-EmployeeApp-EmployeeAppUITests/Pods-EmployeeApp-EmployeeAppUITests.debug.xcconfig"; sourceTree = "<group>"; };
		B0B89504A2EE289708B5C8AD /* Pods-ChristianBringino1902Exam-ChristianBringino1902ExamUITests.debug.xcconfig */ = {isa = PBXFileReference; includeInIndex = 1; lastKnownFileType = text.xcconfig; name = "Pods-ChristianBringino1902Exam-ChristianBringino1902ExamUITests.debug.xcconfig"; path = "Target Support Files/Pods-ChristianBringino1902Exam-ChristianBringino1902ExamUITests/Pods-ChristianBringino1902Exam-ChristianBringino1902ExamUITests.debug.xcconfig"; sourceTree = "<group>"; };
		BE35E24FC283F37CAA4DAF32 /* Pods_EmployeeApp_EmployeeAppUITests.framework */ = {isa = PBXFileReference; explicitFileType = wrapper.framework; includeInIndex = 0; path = Pods_EmployeeApp_EmployeeAppUITests.framework; sourceTree = BUILT_PRODUCTS_DIR; };
		C9B51127BCE8ABEE14E2BA69 /* Pods-EmployeeApp-EmployeeAppUITests.release.xcconfig */ = {isa = PBXFileReference; includeInIndex = 1; lastKnownFileType = text.xcconfig; name = "Pods-EmployeeApp-EmployeeAppUITests.release.xcconfig"; path = "Target Support Files/Pods-EmployeeApp-EmployeeAppUITests/Pods-EmployeeApp-EmployeeAppUITests.release.xcconfig"; sourceTree = "<group>"; };
		E45A4A72A3B87F4641FAF6F3 /* Pods-EmployeeApp.release.xcconfig */ = {isa = PBXFileReference; includeInIndex = 1; lastKnownFileType = text.xcconfig; name = "Pods-EmployeeApp.release.xcconfig"; path = "Target Support Files/Pods-EmployeeApp/Pods-EmployeeApp.release.xcconfig"; sourceTree = "<group>"; };
/* End PBXFileReference section */

/* Begin PBXFrameworksBuildPhase section */
		6A223E332C4F4B6C00AE37A6 /* Frameworks */ = {
			isa = PBXFrameworksBuildPhase;
			buildActionMask = 2147483647;
			files = (
				C402353EBD3ACDBDCDE5C549 /* Pods_EmployeeApp.framework in Frameworks */,
			);
			runOnlyForDeploymentPostprocessing = 0;
		};
		6A223E492C4F4B6D00AE37A6 /* Frameworks */ = {
			isa = PBXFrameworksBuildPhase;
			buildActionMask = 2147483647;
			files = (
				6DA7789DF0E0726612910932 /* Pods_EmployeeAppTests.framework in Frameworks */,
			);
			runOnlyForDeploymentPostprocessing = 0;
		};
		6A223E532C4F4B6D00AE37A6 /* Frameworks */ = {
			isa = PBXFrameworksBuildPhase;
			buildActionMask = 2147483647;
			files = (
				E71E7D1CFF36A4BE03F42187 /* Pods_EmployeeApp_EmployeeAppUITests.framework in Frameworks */,
			);
			runOnlyForDeploymentPostprocessing = 0;
		};
/* End PBXFrameworksBuildPhase section */

/* Begin PBXGroup section */
		49CC5347C14216BB6CA11F22 /* Pods */ = {
			isa = PBXGroup;
			children = (
				5FBB2652B09CDE7049E7E80A /* Pods-ChristianBringino1902Exam.debug.xcconfig */,
				3DCE93267EADE9AFB399500F /* Pods-ChristianBringino1902Exam.release.xcconfig */,
				B0B89504A2EE289708B5C8AD /* Pods-ChristianBringino1902Exam-ChristianBringino1902ExamUITests.debug.xcconfig */,
				016140B73E5B937B369E43A7 /* Pods-ChristianBringino1902Exam-ChristianBringino1902ExamUITests.release.xcconfig */,
				71C6657490FA0EB8819905F4 /* Pods-ChristianBringino1902ExamTests.debug.xcconfig */,
				80BDD76A4D2380FB369197E0 /* Pods-ChristianBringino1902ExamTests.release.xcconfig */,
				674AC655D62D6B3FE43DCF52 /* Pods-EmployeeApp.debug.xcconfig */,
				E45A4A72A3B87F4641FAF6F3 /* Pods-EmployeeApp.release.xcconfig */,
				8F782D74C786DC4777564ED9 /* Pods-EmployeeApp-EmployeeAppUITests.debug.xcconfig */,
				C9B51127BCE8ABEE14E2BA69 /* Pods-EmployeeApp-EmployeeAppUITests.release.xcconfig */,
				74635ABF9417B6FE155A2DD8 /* Pods-EmployeeAppTests.debug.xcconfig */,
				37141BCC4351D8476764EFD9 /* Pods-EmployeeAppTests.release.xcconfig */,
			);
			path = Pods;
			sourceTree = "<group>";
		};
		6A223E2D2C4F4B6C00AE37A6 = {
			isa = PBXGroup;
			children = (
				6A223E382C4F4B6C00AE37A6 /* EmployeeApp */,
				6A223E4F2C4F4B6D00AE37A6 /* EmployeeAppTests */,
				6A223E592C4F4B6D00AE37A6 /* EmployeeAppUITests */,
				6A223E372C4F4B6C00AE37A6 /* Products */,
				49CC5347C14216BB6CA11F22 /* Pods */,
				FE38B7046986A55CDEB6FE07 /* Frameworks */,
			);
			sourceTree = "<group>";
		};
		6A223E372C4F4B6C00AE37A6 /* Products */ = {
			isa = PBXGroup;
			children = (
				6A223E362C4F4B6C00AE37A6 /* EmployeeApp.app */,
				6A223E4C2C4F4B6D00AE37A6 /* EmployeeAppTests.xctest */,
				6A223E562C4F4B6D00AE37A6 /* EmployeeAppUITests.xctest */,
			);
			name = Products;
			sourceTree = "<group>";
		};
		6A223E382C4F4B6C00AE37A6 /* EmployeeApp */ = {
			isa = PBXGroup;
			children = (
				6A223E6A2C4F4BDE00AE37A6 /* App */,
				6A223E692C4F4B8F00AE37A6 /* Modules */,
				6A223E802C4F56B700AE37A6 /* Config */,
				6A223E7F2C4F569300AE37A6 /* Resources */,
				6A223E7A2C4F558D00AE37A6 /* Helpers */,
			);
			path = EmployeeApp;
			sourceTree = "<group>";
		};
		6A223E4F2C4F4B6D00AE37A6 /* EmployeeAppTests */ = {
			isa = PBXGroup;
			children = (
				6A223E502C4F4B6D00AE37A6 /* EmployeeAppTests.swift */,
			);
			path = EmployeeAppTests;
			sourceTree = "<group>";
		};
		6A223E592C4F4B6D00AE37A6 /* EmployeeAppUITests */ = {
			isa = PBXGroup;
			children = (
				6A223E5A2C4F4B6D00AE37A6 /* EmployeeAppUITests.swift */,
				6A223E5C2C4F4B6D00AE37A6 /* EmployeeAppUITestsLaunchTests.swift */,
			);
			path = EmployeeAppUITests;
			sourceTree = "<group>";
		};
		6A223E692C4F4B8F00AE37A6 /* Modules */ = {
			isa = PBXGroup;
			children = (
				6ACC61E62C53BF2E003A2CC8 /* Core */,
				6A223E7E2C4F568500AE37A6 /* LaunchScreen */,
				6A223E6D2C4F4D1F00AE37A6 /* Auth */,
				6A223E9E2C4F79E300AE37A6 /* Posts */,
			);
			path = Modules;
			sourceTree = "<group>";
		};
		6A223E6A2C4F4BDE00AE37A6 /* App */ = {
			isa = PBXGroup;
			children = (
				6A223E942C4F74F600AE37A6 /* App.swift */,
				6A223E6B2C4F4BE400AE37A6 /* AppDelegate */,
			);
			path = App;
			sourceTree = "<group>";
		};
		6A223E6B2C4F4BE400AE37A6 /* AppDelegate */ = {
			isa = PBXGroup;
			children = (
				6A223E392C4F4B6C00AE37A6 /* AppDelegate.swift */,
			);
			path = AppDelegate;
			sourceTree = "<group>";
		};
		6A223E6C2C4F4C9900AE37A6 /* Login */ = {
			isa = PBXGroup;
			children = (
				6A223E712C4F4D9A00AE37A6 /* Login.storyboard */,
				6A223E732C4F4DAB00AE37A6 /* LoginController.swift */,
				6A223E752C4F4DB400AE37A6 /* LoginViewModel.swift */,
				6A223E772C4F4DBD00AE37A6 /* LoginViewModelProtocol.swift */,
			);
			path = Login;
			sourceTree = "<group>";
		};
		6A223E6D2C4F4D1F00AE37A6 /* Auth */ = {
			isa = PBXGroup;
			children = (
				6A223E872C4F6C4A00AE37A6 /* Models */,
				6A223E882C4F6C5000AE37A6 /* Clients */,
				6ACC61EB2C53BFAA003A2CC8 /* Services */,
				6A223E6E2C4F4D7000AE37A6 /* UI */,
			);
			path = Auth;
			sourceTree = "<group>";
		};
		6A223E6E2C4F4D7000AE37A6 /* UI */ = {
			isa = PBXGroup;
			children = (
				6A223E6F2C4F4D7500AE37A6 /* Scenes */,
			);
			path = UI;
			sourceTree = "<group>";
		};
		6A223E6F2C4F4D7500AE37A6 /* Scenes */ = {
			isa = PBXGroup;
			children = (
				6A223E702C4F4D7C00AE37A6 /* SignUp */,
				6A223E6C2C4F4C9900AE37A6 /* Login */,
			);
			path = Scenes;
			sourceTree = "<group>";
		};
		6A223E702C4F4D7C00AE37A6 /* SignUp */ = {
			isa = PBXGroup;
			children = (
				6A223E962C4F767600AE37A6 /* SignUp.storyboard */,
				6A223E982C4F769900AE37A6 /* SignupController.swift */,
				6A223E9A2C4F76A200AE37A6 /* SignupViewModel.swift */,
				6A223E9C2C4F76AB00AE37A6 /* SignupViewModelProtocol.swift */,
			);
			path = SignUp;
			sourceTree = "<group>";
		};
		6A223E7A2C4F558D00AE37A6 /* Helpers */ = {
			isa = PBXGroup;
			children = (
				6A223EEE2C4FB7F900AE37A6 /* Constants.swift */,
				6A223E8B2C4F6E8700AE37A6 /* Closures.swift */,
				6A223E8D2C4F6F6700AE37A6 /* ViewController.swift */,
				6A223E7B2C4F559C00AE37A6 /* R-Swift */,
			);
			path = Helpers;
			sourceTree = "<group>";
		};
		6A223E7B2C4F559C00AE37A6 /* R-Swift */ = {
			isa = PBXGroup;
			children = (
				6A223E7C2C4F565600AE37A6 /* R.generated.swift */,
			);
			path = "R-Swift";
			sourceTree = "<group>";
		};
		6A223E7E2C4F568500AE37A6 /* LaunchScreen */ = {
			isa = PBXGroup;
			children = (
				6A223E442C4F4B6D00AE37A6 /* LaunchScreen.storyboard */,
			);
			path = LaunchScreen;
			sourceTree = "<group>";
		};
		6A223E7F2C4F569300AE37A6 /* Resources */ = {
			isa = PBXGroup;
			children = (
				6A223E422C4F4B6D00AE37A6 /* Assets.xcassets */,
				6AB373002C53B30100BF51EE /* Localizable */,
			);
			path = Resources;
			sourceTree = "<group>";
		};
		6A223E802C4F56B700AE37A6 /* Config */ = {
			isa = PBXGroup;
			children = (
				6AB372FE2C53AB6200BF51EE /* GoogleService-Info.plist */,
				6A223E472C4F4B6D00AE37A6 /* Info.plist */,
				6A223E902C4F72FE00AE37A6 /* AppConfig.swift */,
				6A223E922C4F734000AE37A6 /* AppSecrets.swift */,
			);
			path = Config;
			sourceTree = "<group>";
		};
		6A223E872C4F6C4A00AE37A6 /* Models */ = {
			isa = PBXGroup;
			children = (
				6A223ECF2C4F881600AE37A6 /* Requests */,
				6A223ECC2C4F877900AE37A6 /* Responses */,
			);
			path = Models;
			sourceTree = "<group>";
		};
		6A223E882C4F6C5000AE37A6 /* Clients */ = {
			isa = PBXGroup;
			children = (
				6A223E8A2C4F6C6800AE37A6 /* API */,
			);
			path = Clients;
			sourceTree = "<group>";
		};
		6A223E8A2C4F6C6800AE37A6 /* API */ = {
			isa = PBXGroup;
			children = (
				6A223E8F2C4F70AE00AE37A6 /* Auth */,
			);
			path = API;
			sourceTree = "<group>";
		};
		6A223E8F2C4F70AE00AE37A6 /* Auth */ = {
			isa = PBXGroup;
			children = (
				6A223EE02C4F8FEF00AE37A6 /* UserAPI.swift */,
				6A223EE82C4F94F600AE37A6 /* UserAPIProtocol.swift */,
			);
			path = Auth;
			sourceTree = "<group>";
		};
		6A223E9E2C4F79E300AE37A6 /* Posts */ = {
			isa = PBXGroup;
			children = (
				6A223E9F2C4F79F900AE37A6 /* Models */,
				6A223EF02C4FBCCF00AE37A6 /* Clients */,
				6A223EA12C4F7A0800AE37A6 /* UI */,
			);
			path = Posts;
			sourceTree = "<group>";
		};
		6A223E9F2C4F79F900AE37A6 /* Models */ = {
			isa = PBXGroup;
			children = (
				6A223EF72C4FBEE600AE37A6 /* Requests */,
				6A223EFA2C4FC0BD00AE37A6 /* Responses */,
			);
			path = Models;
			sourceTree = "<group>";
		};
		6A223EA12C4F7A0800AE37A6 /* UI */ = {
			isa = PBXGroup;
			children = (
				6A223EA82C4F7AB800AE37A6 /* Components */,
				6A223EA22C4F7A0E00AE37A6 /* Scenes */,
			);
			path = UI;
			sourceTree = "<group>";
		};
		6A223EA22C4F7A0E00AE37A6 /* Scenes */ = {
			isa = PBXGroup;
			children = (
				6A223EA32C4F7A1500AE37A6 /* Posts */,
				6A223EB62C4F803B00AE37A6 /* PostDetails */,
				6A223EB72C4F804C00AE37A6 /* AddPost */,
			);
			path = Scenes;
			sourceTree = "<group>";
		};
		6A223EA32C4F7A1500AE37A6 /* Posts */ = {
			isa = PBXGroup;
			children = (
				6A223EA42C4F7A2F00AE37A6 /* Posts.storyboard */,
				6A223EA62C4F7A3E00AE37A6 /* PostsController.swift */,
				6A223EB82C4F806900AE37A6 /* PostsViewModel.swift */,
				6A223EBA2C4F807000AE37A6 /* PostsViewModelProtocol.swift */,
			);
			path = Posts;
			sourceTree = "<group>";
		};
		6A223EA82C4F7AB800AE37A6 /* Components */ = {
			isa = PBXGroup;
			children = (
				6A223EA92C4F7ACC00AE37A6 /* UITableView */,
			);
			path = Components;
			sourceTree = "<group>";
		};
		6A223EA92C4F7ACC00AE37A6 /* UITableView */ = {
			isa = PBXGroup;
			children = (
				6A223EAA2C4F7AD200AE37A6 /* Cells */,
			);
			path = UITableView;
			sourceTree = "<group>";
		};
		6A223EAA2C4F7AD200AE37A6 /* Cells */ = {
			isa = PBXGroup;
			children = (
				6A223EAB2C4F7B8100AE37A6 /* PostCell */,
			);
			path = Cells;
			sourceTree = "<group>";
		};
		6A223EAB2C4F7B8100AE37A6 /* PostCell */ = {
			isa = PBXGroup;
			children = (
				6A223EAF2C4F7BA200AE37A6 /* PostTableCell.xib */,
				6A223EAE2C4F7BA200AE37A6 /* PostTableCell.swift */,
				6A223EB22C4F7BAD00AE37A6 /* PostTableCellViewModel.swift */,
				6A223EB42C4F7BB500AE37A6 /* PostTableCellViewModelProtocol.swift */,
			);
			path = PostCell;
			sourceTree = "<group>";
		};
		6A223EB62C4F803B00AE37A6 /* PostDetails */ = {
			isa = PBXGroup;
			children = (
				6A223EC02C4F829300AE37A6 /* PostDetails.storyboard */,
				6A223EBE2C4F815A00AE37A6 /* PostDetailsController.swift */,
				6A223EC42C4F851900AE37A6 /* PostDetailsViewModel.swift */,
				6A223EC62C4F852100AE37A6 /* PostDetailsViewModelProtocol.swift */,
			);
			path = PostDetails;
			sourceTree = "<group>";
		};
		6A223EB72C4F804C00AE37A6 /* AddPost */ = {
			isa = PBXGroup;
			children = (
				6A223EBC2C4F814B00AE37A6 /* AddOrEditPost.storyboard */,
				6A223EC22C4F850B00AE37A6 /* AddOrEditPostController.swift */,
				6A223EC82C4F852E00AE37A6 /* AddOrEditPostViewModel.swift */,
				6A223ECA2C4F853600AE37A6 /* AddOrEditPostViewModelProtocol.swift */,
			);
			path = AddPost;
			sourceTree = "<group>";
		};
		6A223ECC2C4F877900AE37A6 /* Responses */ = {
			isa = PBXGroup;
			children = (
				6A223ECD2C4F878600AE37A6 /* UserModel.swift */,
			);
			path = Responses;
			sourceTree = "<group>";
		};
		6A223ECF2C4F881600AE37A6 /* Requests */ = {
			isa = PBXGroup;
			children = (
				6A223ED02C4F882600AE37A6 /* UserParams.swift */,
			);
			path = Requests;
			sourceTree = "<group>";
		};
		6A223EF02C4FBCCF00AE37A6 /* Clients */ = {
			isa = PBXGroup;
			children = (
				6A223EF12C4FBCD800AE37A6 /* API */,
			);
			path = Clients;
			sourceTree = "<group>";
		};
		6A223EF12C4FBCD800AE37A6 /* API */ = {
			isa = PBXGroup;
			children = (
				6A223EF22C4FBCDF00AE37A6 /* Posts */,
			);
			path = API;
			sourceTree = "<group>";
		};
		6A223EF22C4FBCDF00AE37A6 /* Posts */ = {
			isa = PBXGroup;
			children = (
				6A223EF32C4FBCE800AE37A6 /* PostsAPI.swift */,
				6A223EF52C4FBCF000AE37A6 /* PostsAPIProtocol.swift */,
			);
			path = Posts;
			sourceTree = "<group>";
		};
		6A223EF72C4FBEE600AE37A6 /* Requests */ = {
			isa = PBXGroup;
			children = (
				6A223EF82C4FBEEF00AE37A6 /* PostParams.swift */,
			);
			path = Requests;
			sourceTree = "<group>";
		};
		6A223EFA2C4FC0BD00AE37A6 /* Responses */ = {
			isa = PBXGroup;
			children = (
				6A223EFB2C4FD86D00AE37A6 /* PostModel.swift */,
			);
			path = Responses;
			sourceTree = "<group>";
		};
		6AB373002C53B30100BF51EE /* Localizable */ = {
			isa = PBXGroup;
			children = (
				6A223E812C4F5D7300AE37A6 /* Localizable.strings */,
				6A223E842C4F5D8200AE37A6 /* Localizable.stringsdict */,
			);
			path = Localizable;
			sourceTree = "<group>";
		};
		6ACC61E62C53BF2E003A2CC8 /* Core */ = {
			isa = PBXGroup;
			children = (
				6ACC61E72C53BF33003A2CC8 /* Client */,
			);
			path = Core;
			sourceTree = "<group>";
		};
		6ACC61E72C53BF33003A2CC8 /* Client */ = {
			isa = PBXGroup;
			children = (
				6ACC61E82C53BF37003A2CC8 /* API */,
			);
			path = Client;
			sourceTree = "<group>";
		};
		6ACC61E82C53BF37003A2CC8 /* API */ = {
			isa = PBXGroup;
			children = (
				6ACC61E92C53BF54003A2CC8 /* APIClient.swift */,
				6A223EEC2C4F967500AE37A6 /* APIClientProtocol.swift */,
			);
			path = API;
			sourceTree = "<group>";
		};
		6ACC61EB2C53BFAA003A2CC8 /* Services */ = {
			isa = PBXGroup;
			children = (
				6ACC61EE2C53BFC8003A2CC8 /* AuthService.swift */,
				6ACC61EC2C53BFC2003A2CC8 /* AuthServiceProtocol.swift */,
			);
			path = Services;
			sourceTree = "<group>";
		};
		FE38B7046986A55CDEB6FE07 /* Frameworks */ = {
			isa = PBXGroup;
			children = (
				85C90B58CBF701F985CB1846 /* Pods_EmployeeApp.framework */,
				BE35E24FC283F37CAA4DAF32 /* Pods_EmployeeApp_EmployeeAppUITests.framework */,
				45FF372EC3E6FAED4F9DA1D2 /* Pods_EmployeeAppTests.framework */,
			);
			name = Frameworks;
			sourceTree = "<group>";
		};
/* End PBXGroup section */

/* Begin PBXNativeTarget section */
		6A223E352C4F4B6C00AE37A6 /* EmployeeApp */ = {
			isa = PBXNativeTarget;
			buildConfigurationList = 6A223E602C4F4B6D00AE37A6 /* Build configuration list for PBXNativeTarget "EmployeeApp" */;
			buildPhases = (
				020C78CF6C06AD141FEC2D8E /* [CP] Check Pods Manifest.lock */,
				6A223E792C4F551900AE37A6 /* R.swift */,
				6A223E322C4F4B6C00AE37A6 /* Sources */,
				6A223E332C4F4B6C00AE37A6 /* Frameworks */,
				6A223E342C4F4B6C00AE37A6 /* Resources */,
				61332EC47A6DE93403751B93 /* [CP] Embed Pods Frameworks */,
			);
			buildRules = (
			);
			dependencies = (
			);
			name = EmployeeApp;
			productName = ChristianBringino1902Exam;
			productReference = 6A223E362C4F4B6C00AE37A6 /* EmployeeApp.app */;
			productType = "com.apple.product-type.application";
		};
		6A223E4B2C4F4B6D00AE37A6 /* EmployeeAppTests */ = {
			isa = PBXNativeTarget;
			buildConfigurationList = 6A223E632C4F4B6D00AE37A6 /* Build configuration list for PBXNativeTarget "EmployeeAppTests" */;
			buildPhases = (
				C863FB6FFF78A0939D6C140E /* [CP] Check Pods Manifest.lock */,
				6A223E482C4F4B6D00AE37A6 /* Sources */,
				6A223E492C4F4B6D00AE37A6 /* Frameworks */,
				6A223E4A2C4F4B6D00AE37A6 /* Resources */,
			);
			buildRules = (
			);
			dependencies = (
				6A223E4E2C4F4B6D00AE37A6 /* PBXTargetDependency */,
			);
			name = EmployeeAppTests;
			productName = ChristianBringino1902ExamTests;
			productReference = 6A223E4C2C4F4B6D00AE37A6 /* EmployeeAppTests.xctest */;
			productType = "com.apple.product-type.bundle.unit-test";
		};
		6A223E552C4F4B6D00AE37A6 /* EmployeeAppUITests */ = {
			isa = PBXNativeTarget;
			buildConfigurationList = 6A223E662C4F4B6D00AE37A6 /* Build configuration list for PBXNativeTarget "EmployeeAppUITests" */;
			buildPhases = (
				CAD6065430D9F4E5BC033CFC /* [CP] Check Pods Manifest.lock */,
				6A223E522C4F4B6D00AE37A6 /* Sources */,
				6A223E532C4F4B6D00AE37A6 /* Frameworks */,
				6A223E542C4F4B6D00AE37A6 /* Resources */,
				532D1607112C46D509C4CE8D /* [CP] Embed Pods Frameworks */,
			);
			buildRules = (
			);
			dependencies = (
				6A223E582C4F4B6D00AE37A6 /* PBXTargetDependency */,
			);
			name = EmployeeAppUITests;
			productName = ChristianBringino1902ExamUITests;
			productReference = 6A223E562C4F4B6D00AE37A6 /* EmployeeAppUITests.xctest */;
			productType = "com.apple.product-type.bundle.ui-testing";
		};
/* End PBXNativeTarget section */

/* Begin PBXProject section */
		6A223E2E2C4F4B6C00AE37A6 /* Project object */ = {
			isa = PBXProject;
			attributes = {
				BuildIndependentTargetsInParallel = 1;
				LastSwiftUpdateCheck = 1540;
				LastUpgradeCheck = 1540;
				TargetAttributes = {
					6A223E352C4F4B6C00AE37A6 = {
						CreatedOnToolsVersion = 15.4;
					};
					6A223E4B2C4F4B6D00AE37A6 = {
						CreatedOnToolsVersion = 15.4;
						TestTargetID = 6A223E352C4F4B6C00AE37A6;
					};
					6A223E552C4F4B6D00AE37A6 = {
						CreatedOnToolsVersion = 15.4;
						TestTargetID = 6A223E352C4F4B6C00AE37A6;
					};
				};
			};
			buildConfigurationList = 6A223E312C4F4B6C00AE37A6 /* Build configuration list for PBXProject "EmployeeApp" */;
			compatibilityVersion = "Xcode 14.0";
			developmentRegion = en;
			hasScannedForEncodings = 0;
			knownRegions = (
				en,
				Base,
			);
			mainGroup = 6A223E2D2C4F4B6C00AE37A6;
			productRefGroup = 6A223E372C4F4B6C00AE37A6 /* Products */;
			projectDirPath = "";
			projectRoot = "";
			targets = (
				6A223E352C4F4B6C00AE37A6 /* EmployeeApp */,
				6A223E4B2C4F4B6D00AE37A6 /* EmployeeAppTests */,
				6A223E552C4F4B6D00AE37A6 /* EmployeeAppUITests */,
			);
		};
/* End PBXProject section */

/* Begin PBXResourcesBuildPhase section */
		6A223E342C4F4B6C00AE37A6 /* Resources */ = {
			isa = PBXResourcesBuildPhase;
			buildActionMask = 2147483647;
			files = (
				6A223E722C4F4D9A00AE37A6 /* Login.storyboard in Resources */,
				6A223E832C4F5D7300AE37A6 /* Localizable.strings in Resources */,
				6A223EA52C4F7A2F00AE37A6 /* Posts.storyboard in Resources */,
				6A223EB12C4F7BA200AE37A6 /* PostTableCell.xib in Resources */,
				6A223EC12C4F829300AE37A6 /* PostDetails.storyboard in Resources */,
				6A223EBD2C4F814B00AE37A6 /* AddOrEditPost.storyboard in Resources */,
				6A223E972C4F767600AE37A6 /* SignUp.storyboard in Resources */,
				6A223E432C4F4B6D00AE37A6 /* Assets.xcassets in Resources */,
				6AB372FF2C53AB6200BF51EE /* GoogleService-Info.plist in Resources */,
				6A223E862C4F5D8200AE37A6 /* Localizable.stringsdict in Resources */,
				6A223E462C4F4B6D00AE37A6 /* Base in Resources */,
			);
			runOnlyForDeploymentPostprocessing = 0;
		};
		6A223E4A2C4F4B6D00AE37A6 /* Resources */ = {
			isa = PBXResourcesBuildPhase;
			buildActionMask = 2147483647;
			files = (
			);
			runOnlyForDeploymentPostprocessing = 0;
		};
		6A223E542C4F4B6D00AE37A6 /* Resources */ = {
			isa = PBXResourcesBuildPhase;
			buildActionMask = 2147483647;
			files = (
			);
			runOnlyForDeploymentPostprocessing = 0;
		};
/* End PBXResourcesBuildPhase section */

/* Begin PBXShellScriptBuildPhase section */
		020C78CF6C06AD141FEC2D8E /* [CP] Check Pods Manifest.lock */ = {
			isa = PBXShellScriptBuildPhase;
			buildActionMask = 2147483647;
			files = (
			);
			inputFileListPaths = (
			);
			inputPaths = (
				"${PODS_PODFILE_DIR_PATH}/Podfile.lock",
				"${PODS_ROOT}/Manifest.lock",
			);
			name = "[CP] Check Pods Manifest.lock";
			outputFileListPaths = (
			);
			outputPaths = (
				"$(DERIVED_FILE_DIR)/Pods-EmployeeApp-checkManifestLockResult.txt",
			);
			runOnlyForDeploymentPostprocessing = 0;
			shellPath = /bin/sh;
			shellScript = "diff \"${PODS_PODFILE_DIR_PATH}/Podfile.lock\" \"${PODS_ROOT}/Manifest.lock\" > /dev/null\nif [ $? != 0 ] ; then\n    # print error to STDERR\n    echo \"error: The sandbox is not in sync with the Podfile.lock. Run 'pod install' or update your CocoaPods installation.\" >&2\n    exit 1\nfi\n# This output is used by Xcode 'outputs' to avoid re-running this script phase.\necho \"SUCCESS\" > \"${SCRIPT_OUTPUT_FILE_0}\"\n";
			showEnvVarsInLog = 0;
		};
		532D1607112C46D509C4CE8D /* [CP] Embed Pods Frameworks */ = {
			isa = PBXShellScriptBuildPhase;
			buildActionMask = 2147483647;
			files = (
			);
			inputFileListPaths = (
				"${PODS_ROOT}/Target Support Files/Pods-EmployeeApp-EmployeeAppUITests/Pods-EmployeeApp-EmployeeAppUITests-frameworks-${CONFIGURATION}-input-files.xcfilelist",
			);
			name = "[CP] Embed Pods Frameworks";
			outputFileListPaths = (
				"${PODS_ROOT}/Target Support Files/Pods-EmployeeApp-EmployeeAppUITests/Pods-EmployeeApp-EmployeeAppUITests-frameworks-${CONFIGURATION}-output-files.xcfilelist",
			);
			runOnlyForDeploymentPostprocessing = 0;
			shellPath = /bin/sh;
			shellScript = "\"${PODS_ROOT}/Target Support Files/Pods-EmployeeApp-EmployeeAppUITests/Pods-EmployeeApp-EmployeeAppUITests-frameworks.sh\"\n";
			showEnvVarsInLog = 0;
		};
		61332EC47A6DE93403751B93 /* [CP] Embed Pods Frameworks */ = {
			isa = PBXShellScriptBuildPhase;
			buildActionMask = 2147483647;
			files = (
			);
			inputFileListPaths = (
				"${PODS_ROOT}/Target Support Files/Pods-EmployeeApp/Pods-EmployeeApp-frameworks-${CONFIGURATION}-input-files.xcfilelist",
			);
			name = "[CP] Embed Pods Frameworks";
			outputFileListPaths = (
				"${PODS_ROOT}/Target Support Files/Pods-EmployeeApp/Pods-EmployeeApp-frameworks-${CONFIGURATION}-output-files.xcfilelist",
			);
			runOnlyForDeploymentPostprocessing = 0;
			shellPath = /bin/sh;
			shellScript = "\"${PODS_ROOT}/Target Support Files/Pods-EmployeeApp/Pods-EmployeeApp-frameworks.sh\"\n";
			showEnvVarsInLog = 0;
		};
		6A223E792C4F551900AE37A6 /* R.swift */ = {
			isa = PBXShellScriptBuildPhase;
			alwaysOutOfDate = 1;
			buildActionMask = 2147483647;
			files = (
			);
			inputFileListPaths = (
			);
			inputPaths = (
				"$TEMP_DIR/rswift-lastrun",
			);
			name = R.swift;
			outputFileListPaths = (
			);
			outputPaths = (
				"$SRCROOT/EmployeeApp/Helpers/R-Swift/R.generated.swift",
			);
			runOnlyForDeploymentPostprocessing = 0;
			shellPath = /bin/sh;
			shellScript = "\"$PODS_ROOT/R.swift/rswift\" generate \"$SRCROOT/EmployeeApp/Helpers/R-Swift/R.generated.swift\"\n";
		};
		C863FB6FFF78A0939D6C140E /* [CP] Check Pods Manifest.lock */ = {
			isa = PBXShellScriptBuildPhase;
			buildActionMask = 2147483647;
			files = (
			);
			inputFileListPaths = (
			);
			inputPaths = (
				"${PODS_PODFILE_DIR_PATH}/Podfile.lock",
				"${PODS_ROOT}/Manifest.lock",
			);
			name = "[CP] Check Pods Manifest.lock";
			outputFileListPaths = (
			);
			outputPaths = (
				"$(DERIVED_FILE_DIR)/Pods-EmployeeAppTests-checkManifestLockResult.txt",
			);
			runOnlyForDeploymentPostprocessing = 0;
			shellPath = /bin/sh;
			shellScript = "diff \"${PODS_PODFILE_DIR_PATH}/Podfile.lock\" \"${PODS_ROOT}/Manifest.lock\" > /dev/null\nif [ $? != 0 ] ; then\n    # print error to STDERR\n    echo \"error: The sandbox is not in sync with the Podfile.lock. Run 'pod install' or update your CocoaPods installation.\" >&2\n    exit 1\nfi\n# This output is used by Xcode 'outputs' to avoid re-running this script phase.\necho \"SUCCESS\" > \"${SCRIPT_OUTPUT_FILE_0}\"\n";
			showEnvVarsInLog = 0;
		};
		CAD6065430D9F4E5BC033CFC /* [CP] Check Pods Manifest.lock */ = {
			isa = PBXShellScriptBuildPhase;
			buildActionMask = 2147483647;
			files = (
			);
			inputFileListPaths = (
			);
			inputPaths = (
				"${PODS_PODFILE_DIR_PATH}/Podfile.lock",
				"${PODS_ROOT}/Manifest.lock",
			);
			name = "[CP] Check Pods Manifest.lock";
			outputFileListPaths = (
			);
			outputPaths = (
				"$(DERIVED_FILE_DIR)/Pods-EmployeeApp-EmployeeAppUITests-checkManifestLockResult.txt",
			);
			runOnlyForDeploymentPostprocessing = 0;
			shellPath = /bin/sh;
			shellScript = "diff \"${PODS_PODFILE_DIR_PATH}/Podfile.lock\" \"${PODS_ROOT}/Manifest.lock\" > /dev/null\nif [ $? != 0 ] ; then\n    # print error to STDERR\n    echo \"error: The sandbox is not in sync with the Podfile.lock. Run 'pod install' or update your CocoaPods installation.\" >&2\n    exit 1\nfi\n# This output is used by Xcode 'outputs' to avoid re-running this script phase.\necho \"SUCCESS\" > \"${SCRIPT_OUTPUT_FILE_0}\"\n";
			showEnvVarsInLog = 0;
		};
/* End PBXShellScriptBuildPhase section */

/* Begin PBXSourcesBuildPhase section */
		6A223E322C4F4B6C00AE37A6 /* Sources */ = {
			isa = PBXSourcesBuildPhase;
			buildActionMask = 2147483647;
			files = (
				6A223ECE2C4F878600AE37A6 /* UserModel.swift in Sources */,
				6A223EBB2C4F807000AE37A6 /* PostsViewModelProtocol.swift in Sources */,
				6A223EC32C4F850B00AE37A6 /* AddOrEditPostController.swift in Sources */,
				6A223EB52C4F7BB500AE37A6 /* PostTableCellViewModelProtocol.swift in Sources */,
				6A223EBF2C4F815A00AE37A6 /* PostDetailsController.swift in Sources */,
				6A223E782C4F4DBD00AE37A6 /* LoginViewModelProtocol.swift in Sources */,
				6A223E912C4F72FE00AE37A6 /* AppConfig.swift in Sources */,
				6A223EE92C4F94F600AE37A6 /* UserAPIProtocol.swift in Sources */,
				6A223ECB2C4F853600AE37A6 /* AddOrEditPostViewModelProtocol.swift in Sources */,
				6A223EEF2C4FB7F900AE37A6 /* Constants.swift in Sources */,
				6A223EB92C4F806900AE37A6 /* PostsViewModel.swift in Sources */,
				6A223E932C4F734100AE37A6 /* AppSecrets.swift in Sources */,
				6A223EB02C4F7BA200AE37A6 /* PostTableCell.swift in Sources */,
				6A223E952C4F74F600AE37A6 /* App.swift in Sources */,
				6A223E992C4F769900AE37A6 /* SignupController.swift in Sources */,
				6A223E7D2C4F565600AE37A6 /* R.generated.swift in Sources */,
				6A223EC52C4F851900AE37A6 /* PostDetailsViewModel.swift in Sources */,
				6A223EC72C4F852100AE37A6 /* PostDetailsViewModelProtocol.swift in Sources */,
				6A223EE12C4F8FEF00AE37A6 /* UserAPI.swift in Sources */,
				6ACC61EF2C53BFC8003A2CC8 /* AuthService.swift in Sources */,
				6ACC61ED2C53BFC2003A2CC8 /* AuthServiceProtocol.swift in Sources */,
				6A223E9B2C4F76A200AE37A6 /* SignupViewModel.swift in Sources */,
				6A223EC92C4F852E00AE37A6 /* AddOrEditPostViewModel.swift in Sources */,
				6A223E742C4F4DAB00AE37A6 /* LoginController.swift in Sources */,
				6A223E3A2C4F4B6C00AE37A6 /* AppDelegate.swift in Sources */,
				6A223EF42C4FBCE800AE37A6 /* PostsAPI.swift in Sources */,
				6A223E8E2C4F6F6700AE37A6 /* ViewController.swift in Sources */,
				6A223EED2C4F967500AE37A6 /* APIClientProtocol.swift in Sources */,
				6A223E9D2C4F76AB00AE37A6 /* SignupViewModelProtocol.swift in Sources */,
				6A223EB32C4F7BAD00AE37A6 /* PostTableCellViewModel.swift in Sources */,
				6A223E762C4F4DB400AE37A6 /* LoginViewModel.swift in Sources */,
				6A223EA72C4F7A3E00AE37A6 /* PostsController.swift in Sources */,
				6A223EF92C4FBEEF00AE37A6 /* PostParams.swift in Sources */,
				6A223EFC2C4FD86E00AE37A6 /* PostModel.swift in Sources */,
				6A223E8C2C4F6E8700AE37A6 /* Closures.swift in Sources */,
				6A223EF62C4FBCF000AE37A6 /* PostsAPIProtocol.swift in Sources */,
				6A223ED12C4F882600AE37A6 /* UserParams.swift in Sources */,
				6ACC61EA2C53BF54003A2CC8 /* APIClient.swift in Sources */,
			);
			runOnlyForDeploymentPostprocessing = 0;
		};
		6A223E482C4F4B6D00AE37A6 /* Sources */ = {
			isa = PBXSourcesBuildPhase;
			buildActionMask = 2147483647;
			files = (
				6A223E512C4F4B6D00AE37A6 /* EmployeeAppTests.swift in Sources */,
			);
			runOnlyForDeploymentPostprocessing = 0;
		};
		6A223E522C4F4B6D00AE37A6 /* Sources */ = {
			isa = PBXSourcesBuildPhase;
			buildActionMask = 2147483647;
			files = (
				6A223E5B2C4F4B6D00AE37A6 /* EmployeeAppUITests.swift in Sources */,
				6A223E5D2C4F4B6D00AE37A6 /* EmployeeAppUITestsLaunchTests.swift in Sources */,
			);
			runOnlyForDeploymentPostprocessing = 0;
		};
/* End PBXSourcesBuildPhase section */

/* Begin PBXTargetDependency section */
		6A223E4E2C4F4B6D00AE37A6 /* PBXTargetDependency */ = {
			isa = PBXTargetDependency;
			target = 6A223E352C4F4B6C00AE37A6 /* EmployeeApp */;
			targetProxy = 6A223E4D2C4F4B6D00AE37A6 /* PBXContainerItemProxy */;
		};
		6A223E582C4F4B6D00AE37A6 /* PBXTargetDependency */ = {
			isa = PBXTargetDependency;
			target = 6A223E352C4F4B6C00AE37A6 /* EmployeeApp */;
			targetProxy = 6A223E572C4F4B6D00AE37A6 /* PBXContainerItemProxy */;
		};
/* End PBXTargetDependency section */

/* Begin PBXVariantGroup section */
		6A223E442C4F4B6D00AE37A6 /* LaunchScreen.storyboard */ = {
			isa = PBXVariantGroup;
			children = (
				6A223E452C4F4B6D00AE37A6 /* Base */,
			);
			name = LaunchScreen.storyboard;
			sourceTree = "<group>";
		};
		6A223E812C4F5D7300AE37A6 /* Localizable.strings */ = {
			isa = PBXVariantGroup;
			children = (
				6A223E822C4F5D7300AE37A6 /* en */,
			);
			name = Localizable.strings;
			sourceTree = "<group>";
		};
		6A223E842C4F5D8200AE37A6 /* Localizable.stringsdict */ = {
			isa = PBXVariantGroup;
			children = (
				6A223E852C4F5D8200AE37A6 /* en */,
			);
			name = Localizable.stringsdict;
			sourceTree = "<group>";
		};
/* End PBXVariantGroup section */

/* Begin XCBuildConfiguration section */
		6A223E5E2C4F4B6D00AE37A6 /* Debug */ = {
			isa = XCBuildConfiguration;
			buildSettings = {
				ALWAYS_SEARCH_USER_PATHS = NO;
				ASSETCATALOG_COMPILER_GENERATE_SWIFT_ASSET_SYMBOL_EXTENSIONS = YES;
				CLANG_ANALYZER_NONNULL = YES;
				CLANG_ANALYZER_NUMBER_OBJECT_CONVERSION = YES_AGGRESSIVE;
				CLANG_CXX_LANGUAGE_STANDARD = "gnu++20";
				CLANG_ENABLE_MODULES = YES;
				CLANG_ENABLE_OBJC_ARC = YES;
				CLANG_ENABLE_OBJC_WEAK = YES;
				CLANG_WARN_BLOCK_CAPTURE_AUTORELEASING = YES;
				CLANG_WARN_BOOL_CONVERSION = YES;
				CLANG_WARN_COMMA = YES;
				CLANG_WARN_CONSTANT_CONVERSION = YES;
				CLANG_WARN_DEPRECATED_OBJC_IMPLEMENTATIONS = YES;
				CLANG_WARN_DIRECT_OBJC_ISA_USAGE = YES_ERROR;
				CLANG_WARN_DOCUMENTATION_COMMENTS = YES;
				CLANG_WARN_EMPTY_BODY = YES;
				CLANG_WARN_ENUM_CONVERSION = YES;
				CLANG_WARN_INFINITE_RECURSION = YES;
				CLANG_WARN_INT_CONVERSION = YES;
				CLANG_WARN_NON_LITERAL_NULL_CONVERSION = YES;
				CLANG_WARN_OBJC_IMPLICIT_RETAIN_SELF = YES;
				CLANG_WARN_OBJC_LITERAL_CONVERSION = YES;
				CLANG_WARN_OBJC_ROOT_CLASS = YES_ERROR;
				CLANG_WARN_QUOTED_INCLUDE_IN_FRAMEWORK_HEADER = YES;
				CLANG_WARN_RANGE_LOOP_ANALYSIS = YES;
				CLANG_WARN_STRICT_PROTOTYPES = YES;
				CLANG_WARN_SUSPICIOUS_MOVE = YES;
				CLANG_WARN_UNGUARDED_AVAILABILITY = YES_AGGRESSIVE;
				CLANG_WARN_UNREACHABLE_CODE = YES;
				CLANG_WARN__DUPLICATE_METHOD_MATCH = YES;
				COPY_PHASE_STRIP = NO;
				DEBUG_INFORMATION_FORMAT = dwarf;
				ENABLE_STRICT_OBJC_MSGSEND = YES;
				ENABLE_TESTABILITY = YES;
				ENABLE_USER_SCRIPT_SANDBOXING = NO;
				GCC_C_LANGUAGE_STANDARD = gnu17;
				GCC_DYNAMIC_NO_PIC = NO;
				GCC_NO_COMMON_BLOCKS = YES;
				GCC_OPTIMIZATION_LEVEL = 0;
				GCC_PREPROCESSOR_DEFINITIONS = (
					"DEBUG=1",
					"$(inherited)",
				);
				GCC_WARN_64_TO_32_BIT_CONVERSION = YES;
				GCC_WARN_ABOUT_RETURN_TYPE = YES_ERROR;
				GCC_WARN_UNDECLARED_SELECTOR = YES;
				GCC_WARN_UNINITIALIZED_AUTOS = YES_AGGRESSIVE;
				GCC_WARN_UNUSED_FUNCTION = YES;
				GCC_WARN_UNUSED_VARIABLE = YES;
				IPHONEOS_DEPLOYMENT_TARGET = 17.5;
				LOCALIZATION_PREFERS_STRING_CATALOGS = YES;
				MTL_ENABLE_DEBUG_INFO = INCLUDE_SOURCE;
				MTL_FAST_MATH = YES;
				ONLY_ACTIVE_ARCH = YES;
				SDKROOT = iphoneos;
				SWIFT_ACTIVE_COMPILATION_CONDITIONS = "DEBUG $(inherited)";
				SWIFT_OPTIMIZATION_LEVEL = "-Onone";
			};
			name = Debug;
		};
		6A223E5F2C4F4B6D00AE37A6 /* Release */ = {
			isa = XCBuildConfiguration;
			buildSettings = {
				ALWAYS_SEARCH_USER_PATHS = NO;
				ASSETCATALOG_COMPILER_GENERATE_SWIFT_ASSET_SYMBOL_EXTENSIONS = YES;
				CLANG_ANALYZER_NONNULL = YES;
				CLANG_ANALYZER_NUMBER_OBJECT_CONVERSION = YES_AGGRESSIVE;
				CLANG_CXX_LANGUAGE_STANDARD = "gnu++20";
				CLANG_ENABLE_MODULES = YES;
				CLANG_ENABLE_OBJC_ARC = YES;
				CLANG_ENABLE_OBJC_WEAK = YES;
				CLANG_WARN_BLOCK_CAPTURE_AUTORELEASING = YES;
				CLANG_WARN_BOOL_CONVERSION = YES;
				CLANG_WARN_COMMA = YES;
				CLANG_WARN_CONSTANT_CONVERSION = YES;
				CLANG_WARN_DEPRECATED_OBJC_IMPLEMENTATIONS = YES;
				CLANG_WARN_DIRECT_OBJC_ISA_USAGE = YES_ERROR;
				CLANG_WARN_DOCUMENTATION_COMMENTS = YES;
				CLANG_WARN_EMPTY_BODY = YES;
				CLANG_WARN_ENUM_CONVERSION = YES;
				CLANG_WARN_INFINITE_RECURSION = YES;
				CLANG_WARN_INT_CONVERSION = YES;
				CLANG_WARN_NON_LITERAL_NULL_CONVERSION = YES;
				CLANG_WARN_OBJC_IMPLICIT_RETAIN_SELF = YES;
				CLANG_WARN_OBJC_LITERAL_CONVERSION = YES;
				CLANG_WARN_OBJC_ROOT_CLASS = YES_ERROR;
				CLANG_WARN_QUOTED_INCLUDE_IN_FRAMEWORK_HEADER = YES;
				CLANG_WARN_RANGE_LOOP_ANALYSIS = YES;
				CLANG_WARN_STRICT_PROTOTYPES = YES;
				CLANG_WARN_SUSPICIOUS_MOVE = YES;
				CLANG_WARN_UNGUARDED_AVAILABILITY = YES_AGGRESSIVE;
				CLANG_WARN_UNREACHABLE_CODE = YES;
				CLANG_WARN__DUPLICATE_METHOD_MATCH = YES;
				COPY_PHASE_STRIP = NO;
				DEBUG_INFORMATION_FORMAT = "dwarf-with-dsym";
				ENABLE_NS_ASSERTIONS = NO;
				ENABLE_STRICT_OBJC_MSGSEND = YES;
				ENABLE_USER_SCRIPT_SANDBOXING = NO;
				GCC_C_LANGUAGE_STANDARD = gnu17;
				GCC_NO_COMMON_BLOCKS = YES;
				GCC_WARN_64_TO_32_BIT_CONVERSION = YES;
				GCC_WARN_ABOUT_RETURN_TYPE = YES_ERROR;
				GCC_WARN_UNDECLARED_SELECTOR = YES;
				GCC_WARN_UNINITIALIZED_AUTOS = YES_AGGRESSIVE;
				GCC_WARN_UNUSED_FUNCTION = YES;
				GCC_WARN_UNUSED_VARIABLE = YES;
				IPHONEOS_DEPLOYMENT_TARGET = 17.5;
				LOCALIZATION_PREFERS_STRING_CATALOGS = YES;
				MTL_ENABLE_DEBUG_INFO = NO;
				MTL_FAST_MATH = YES;
				SDKROOT = iphoneos;
				SWIFT_COMPILATION_MODE = wholemodule;
				VALIDATE_PRODUCT = YES;
			};
			name = Release;
		};
		6A223E612C4F4B6D00AE37A6 /* Debug */ = {
			isa = XCBuildConfiguration;
			baseConfigurationReference = 674AC655D62D6B3FE43DCF52 /* Pods-EmployeeApp.debug.xcconfig */;
			buildSettings = {
				ASSETCATALOG_COMPILER_APPICON_NAME = AppIcon;
				ASSETCATALOG_COMPILER_GLOBAL_ACCENT_COLOR_NAME = AccentColor;
				CODE_SIGN_STYLE = Automatic;
				CURRENT_PROJECT_VERSION = 1;
				DEVELOPMENT_TEAM = URPNFKD737;
				GENERATE_INFOPLIST_FILE = YES;
				INFOPLIST_FILE = EmployeeApp/Config/Info.plist;
				INFOPLIST_KEY_UIApplicationSupportsIndirectInputEvents = YES;
				INFOPLIST_KEY_UILaunchStoryboardName = LaunchScreen;
				INFOPLIST_KEY_UISupportedInterfaceOrientations_iPad = "UIInterfaceOrientationPortrait UIInterfaceOrientationPortraitUpsideDown UIInterfaceOrientationLandscapeLeft UIInterfaceOrientationLandscapeRight";
				INFOPLIST_KEY_UISupportedInterfaceOrientations_iPhone = "UIInterfaceOrientationPortrait UIInterfaceOrientationLandscapeLeft UIInterfaceOrientationLandscapeRight";
				INFOPLIST_KEY_UIUserInterfaceStyle = Light;
				IPHONEOS_DEPLOYMENT_TARGET = 16.0;
				LD_RUNPATH_SEARCH_PATHS = (
					"$(inherited)",
					"@executable_path/Frameworks",
				);
				MARKETING_VERSION = 1.0;
				PRODUCT_BUNDLE_IDENTIFIER = com.chanbringino.EmployeeApp;
				PRODUCT_NAME = "$(TARGET_NAME)";
				SWIFT_EMIT_LOC_STRINGS = YES;
				SWIFT_VERSION = 5.0;
				TARGETED_DEVICE_FAMILY = "1,2";
			};
			name = Debug;
		};
		6A223E622C4F4B6D00AE37A6 /* Release */ = {
			isa = XCBuildConfiguration;
			baseConfigurationReference = E45A4A72A3B87F4641FAF6F3 /* Pods-EmployeeApp.release.xcconfig */;
			buildSettings = {
				ASSETCATALOG_COMPILER_APPICON_NAME = AppIcon;
				ASSETCATALOG_COMPILER_GLOBAL_ACCENT_COLOR_NAME = AccentColor;
				CODE_SIGN_STYLE = Automatic;
				CURRENT_PROJECT_VERSION = 1;
				DEVELOPMENT_TEAM = URPNFKD737;
				GENERATE_INFOPLIST_FILE = YES;
				INFOPLIST_FILE = EmployeeApp/Config/Info.plist;
				INFOPLIST_KEY_UIApplicationSupportsIndirectInputEvents = YES;
				INFOPLIST_KEY_UILaunchStoryboardName = LaunchScreen;
				INFOPLIST_KEY_UISupportedInterfaceOrientations_iPad = "UIInterfaceOrientationPortrait UIInterfaceOrientationPortraitUpsideDown UIInterfaceOrientationLandscapeLeft UIInterfaceOrientationLandscapeRight";
				INFOPLIST_KEY_UISupportedInterfaceOrientations_iPhone = "UIInterfaceOrientationPortrait UIInterfaceOrientationLandscapeLeft UIInterfaceOrientationLandscapeRight";
				INFOPLIST_KEY_UIUserInterfaceStyle = Light;
				IPHONEOS_DEPLOYMENT_TARGET = 16.0;
				LD_RUNPATH_SEARCH_PATHS = (
					"$(inherited)",
					"@executable_path/Frameworks",
				);
				MARKETING_VERSION = 1.0;
				PRODUCT_BUNDLE_IDENTIFIER = com.chanbringino.EmployeeApp;
				PRODUCT_NAME = "$(TARGET_NAME)";
				SWIFT_EMIT_LOC_STRINGS = YES;
				SWIFT_VERSION = 5.0;
				TARGETED_DEVICE_FAMILY = "1,2";
			};
			name = Release;
		};
		6A223E642C4F4B6D00AE37A6 /* Debug */ = {
			isa = XCBuildConfiguration;
			baseConfigurationReference = 74635ABF9417B6FE155A2DD8 /* Pods-EmployeeAppTests.debug.xcconfig */;
			buildSettings = {
				ALWAYS_EMBED_SWIFT_STANDARD_LIBRARIES = YES;
				BUNDLE_LOADER = "$(TEST_HOST)";
				CODE_SIGN_STYLE = Automatic;
				CURRENT_PROJECT_VERSION = 1;
				DEVELOPMENT_TEAM = URPNFKD737;
				GENERATE_INFOPLIST_FILE = YES;
				IPHONEOS_DEPLOYMENT_TARGET = 17.5;
				MARKETING_VERSION = 1.0;
				PRODUCT_BUNDLE_IDENTIFIER = com.chanbringino.EmployeeAppTests;
				PRODUCT_NAME = "$(TARGET_NAME)";
				SWIFT_EMIT_LOC_STRINGS = NO;
				SWIFT_VERSION = 5.0;
				TARGETED_DEVICE_FAMILY = "1,2";
				TEST_HOST = "$(BUILT_PRODUCTS_DIR)/EmployeeApp.app/$(BUNDLE_EXECUTABLE_FOLDER_PATH)/EmployeeApp";
			};
			name = Debug;
		};
		6A223E652C4F4B6D00AE37A6 /* Release */ = {
			isa = XCBuildConfiguration;
			baseConfigurationReference = 37141BCC4351D8476764EFD9 /* Pods-EmployeeAppTests.release.xcconfig */;
			buildSettings = {
				ALWAYS_EMBED_SWIFT_STANDARD_LIBRARIES = YES;
				BUNDLE_LOADER = "$(TEST_HOST)";
				CODE_SIGN_STYLE = Automatic;
				CURRENT_PROJECT_VERSION = 1;
				DEVELOPMENT_TEAM = URPNFKD737;
				GENERATE_INFOPLIST_FILE = YES;
				IPHONEOS_DEPLOYMENT_TARGET = 17.5;
				MARKETING_VERSION = 1.0;
				PRODUCT_BUNDLE_IDENTIFIER = com.chanbringino.EmployeeAppTests;
				PRODUCT_NAME = "$(TARGET_NAME)";
				SWIFT_EMIT_LOC_STRINGS = NO;
				SWIFT_VERSION = 5.0;
				TARGETED_DEVICE_FAMILY = "1,2";
				TEST_HOST = "$(BUILT_PRODUCTS_DIR)/EmployeeApp.app/$(BUNDLE_EXECUTABLE_FOLDER_PATH)/EmployeeApp";
			};
			name = Release;
		};
		6A223E672C4F4B6D00AE37A6 /* Debug */ = {
			isa = XCBuildConfiguration;
			baseConfigurationReference = 8F782D74C786DC4777564ED9 /* Pods-EmployeeApp-EmployeeAppUITests.debug.xcconfig */;
			buildSettings = {
				ALWAYS_EMBED_SWIFT_STANDARD_LIBRARIES = YES;
				CODE_SIGN_STYLE = Automatic;
				CURRENT_PROJECT_VERSION = 1;
				DEVELOPMENT_TEAM = URPNFKD737;
				GENERATE_INFOPLIST_FILE = YES;
				MARKETING_VERSION = 1.0;
				PRODUCT_BUNDLE_IDENTIFIER = com.chanbringino.EmployeeAppUITests;
				PRODUCT_NAME = "$(TARGET_NAME)";
				SWIFT_EMIT_LOC_STRINGS = NO;
				SWIFT_VERSION = 5.0;
				TARGETED_DEVICE_FAMILY = "1,2";
				TEST_TARGET_NAME = EmployeeApp;
			};
			name = Debug;
		};
		6A223E682C4F4B6D00AE37A6 /* Release */ = {
			isa = XCBuildConfiguration;
			baseConfigurationReference = C9B51127BCE8ABEE14E2BA69 /* Pods-EmployeeApp-EmployeeAppUITests.release.xcconfig */;
			buildSettings = {
				ALWAYS_EMBED_SWIFT_STANDARD_LIBRARIES = YES;
				CODE_SIGN_STYLE = Automatic;
				CURRENT_PROJECT_VERSION = 1;
				DEVELOPMENT_TEAM = URPNFKD737;
				GENERATE_INFOPLIST_FILE = YES;
				MARKETING_VERSION = 1.0;
				PRODUCT_BUNDLE_IDENTIFIER = com.chanbringino.EmployeeAppUITests;
				PRODUCT_NAME = "$(TARGET_NAME)";
				SWIFT_EMIT_LOC_STRINGS = NO;
				SWIFT_VERSION = 5.0;
				TARGETED_DEVICE_FAMILY = "1,2";
				TEST_TARGET_NAME = EmployeeApp;
			};
			name = Release;
		};
/* End XCBuildConfiguration section */

/* Begin XCConfigurationList section */
		6A223E312C4F4B6C00AE37A6 /* Build configuration list for PBXProject "EmployeeApp" */ = {
			isa = XCConfigurationList;
			buildConfigurations = (
				6A223E5E2C4F4B6D00AE37A6 /* Debug */,
				6A223E5F2C4F4B6D00AE37A6 /* Release */,
			);
			defaultConfigurationIsVisible = 0;
			defaultConfigurationName = Release;
		};
		6A223E602C4F4B6D00AE37A6 /* Build configuration list for PBXNativeTarget "EmployeeApp" */ = {
			isa = XCConfigurationList;
			buildConfigurations = (
				6A223E612C4F4B6D00AE37A6 /* Debug */,
				6A223E622C4F4B6D00AE37A6 /* Release */,
			);
			defaultConfigurationIsVisible = 0;
			defaultConfigurationName = Release;
		};
		6A223E632C4F4B6D00AE37A6 /* Build configuration list for PBXNativeTarget "EmployeeAppTests" */ = {
			isa = XCConfigurationList;
			buildConfigurations = (
				6A223E642C4F4B6D00AE37A6 /* Debug */,
				6A223E652C4F4B6D00AE37A6 /* Release */,
			);
			defaultConfigurationIsVisible = 0;
			defaultConfigurationName = Release;
		};
		6A223E662C4F4B6D00AE37A6 /* Build configuration list for PBXNativeTarget "EmployeeAppUITests" */ = {
			isa = XCConfigurationList;
			buildConfigurations = (
				6A223E672C4F4B6D00AE37A6 /* Debug */,
				6A223E682C4F4B6D00AE37A6 /* Release */,
			);
			defaultConfigurationIsVisible = 0;
			defaultConfigurationName = Release;
		};
/* End XCConfigurationList section */
	};
	rootObject = 6A223E2E2C4F4B6C00AE37A6 /* Project object */;
}
